
Microsoft Visual Studio Solution File, Format Version 12.00
# Visual Studio Version 17
VisualStudioVersion = 17.8.34525.116
MinimumVisualStudioVersion = 10.0.40219.1
Project("{FAE04EC0-301F-11D3-BF4B-00C04F79EFBC}") = "ChaoticMix", "ChaoticMix\ChaoticMix.csproj", "{6B49A32A-9F3F-4CBC-8200-3CBEB95128CA}"
EndProject
Global
	GlobalSection(SolutionConfigurationPlatforms) = preSolution
		Debug|Any CPU = Debug|Any CPU
		Release|Any CPU = Release|Any CPU
	EndGlobalSection
	GlobalSection(ProjectConfigurationPlatforms) = postSolution
		{6B49A32A-9F3F-4CBC-8200-3CBEB95128CA}.Debug|Any CPU.ActiveCfg = Debug|Any CPU
		{6B49A32A-9F3F-4CBC-8200-3CBEB95128CA}.Debug|Any CPU.Build.0 = Debug|Any CPU
		{6B49A32A-9F3F-4CBC-8200-3CBEB95128CA}.Release|Any CPU.ActiveCfg = Release|Any CPU
		{6B49A32A-9F3F-4CBC-8200-3CBEB95128CA}.Release|Any CPU.Build.0 = Release|Any CPU
	EndGlobalSection
	GlobalSection(SolutionProperties) = preSolution
		HideSolutionNode = FALSE
	EndGlobalSection
	GlobalSection(ExtensibilityGlobals) = postSolution
		SolutionGuid = {BEDD3F1B-50A2-4FFD-B988-3FFF802A4094}
	EndGlobalSection
EndGlobal
